Microsoft Visual Studio Solution File, Format Version 11.00
# Visual Studio 2008

Project("{6758F146-7BFE-38D1-D897-F78D8BC24475}") = "CrossPlatformInputTest", "Assembly-CSharp-firstpass.csproj", "{3CDF20C2-C557-7336-E90C-D3314BD3B068}"
EndProject
Project("{6758F146-7BFE-38D1-D897-F78D8BC24475}") = "CrossPlatformInputTest", "Assembly-CSharp.csproj", "{BFF89551-D0FC-A27F-78B6-4E67A36D2149}"
EndProject
Project("{6758F146-7BFE-38D1-D897-F78D8BC24475}") = "CrossPlatformInputTest", "Assembly-CSharp-Editor.csproj", "{DCA92F34-505E-0696-3C55-A63413864FB4}"
EndProject
Global
	GlobalSection(SolutionConfigurationPlatforms) = preSolution
		Debug|Any CPU = Debug|Any CPU
		Release|Any CPU = Release|Any CPU
	EndGlobalSection
	GlobalSection(ProjectConfigurationPlatforms) = postSolution
		{3CDF20C2-C557-7336-E90C-D3314BD3B068}.Debug|Any CPU.ActiveCfg = Debug|Any CPU
		{3CDF20C2-C557-7336-E90C-D3314BD3B068}.Debug|Any CPU.Build.0 = Debug|Any CPU
		{3CDF20C2-C557-7336-E90C-D3314BD3B068}.Release|Any CPU.ActiveCfg = Release|Any CPU
		{3CDF20C2-C557-7336-E90C-D3314BD3B068}.Release|Any CPU.Build.0 = Release|Any CPU
		{BFF89551-D0FC-A27F-78B6-4E67A36D2149}.Debug|Any CPU.ActiveCfg = Debug|Any CPU
		{BFF89551-D0FC-A27F-78B6-4E67A36D2149}.Debug|Any CPU.Build.0 = Debug|Any CPU
		{BFF89551-D0FC-A27F-78B6-4E67A36D2149}.Release|Any CPU.ActiveCfg = Release|Any CPU
		{BFF89551-D0FC-A27F-78B6-4E67A36D2149}.Release|Any CPU.Build.0 = Release|Any CPU
		{DCA92F34-505E-0696-3C55-A63413864FB4}.Debug|Any CPU.ActiveCfg = Debug|Any CPU
		{DCA92F34-505E-0696-3C55-A63413864FB4}.Debug|Any CPU.Build.0 = Debug|Any CPU
		{DCA92F34-505E-0696-3C55-A63413864FB4}.Release|Any CPU.ActiveCfg = Release|Any CPU
		{DCA92F34-505E-0696-3C55-A63413864FB4}.Release|Any CPU.Build.0 = Release|Any CPU
	EndGlobalSection
	GlobalSection(SolutionProperties) = preSolution
		HideSolutionNode = FALSE
	EndGlobalSection
	GlobalSection(MonoDevelopProperties) = preSolution
		StartupItem = Assembly-CSharp.csproj
	EndGlobalSection
EndGlobal
